{
  "name": "underscore-isEqualTests",
  "version": "1.0.0",
  "lockfileVersion": 1,
  "requires": true,
  "dependencies": {
    "n": {
      "version": "6.7.0",
      "resolved": "https://registry.npmjs.org/n/-/n-6.7.0.tgz",
      "integrity": "sha512-l/pRcSEqR5PN7/j2Y5tY8KzW/tH0bVJ5UnceItO9mLjoHjNOaRc9cVkIUzUnfftQrcc5RXaqTRrtOPhQ9n10MQ==",
      "dev": true
    },
    "underscore": {
      "version": "1.11.0",
      "resolved": "https://registry.npmjs.org/underscore/-/underscore-1.11.0.tgz",
      "integrity": "sha512-xY96SsN3NA461qIRKZ/+qox37YXPtSBswMGfiNptr+wrt6ds4HaMw23TP612fEyGekRE6LNRiLYr/aqbHXNedw=="
    }
  }
}
